
Microsoft Visual Studio Solution File, Format Version 12.00
# Visual Studio 15
VisualStudioVersion = 15.0.26124.0
MinimumVisualStudioVersion = 15.0.26124.0
Project("{FAE04EC0-301F-11D3-BF4B-00C04F79EFBC}") = "Client", "Client\Client.csproj", "{C0CA83D8-557E-4A1B-A337-BEFCE3F0D730}"
EndProject
Project("{FAE04EC0-301F-11D3-BF4B-00C04F79EFBC}") = "Server", "Server\Server.csproj", "{49ED3C72-5397-4028-8F14-EE11D158011F}"
EndProject
Global
	GlobalSection(SolutionConfigurationPlatforms) = preSolution
		Debug|Any CPU = Debug|Any CPU
		Debug|x64 = Debug|x64
		Debug|x86 = Debug|x86
		Release|Any CPU = Release|Any CPU
		Release|x64 = Release|x64
		Release|x86 = Release|x86
	EndGlobalSection
	GlobalSection(SolutionProperties) = preSolution
		HideSolutionNode = FALSE
	EndGlobalSection
	GlobalSection(ProjectConfigurationPlatforms) = postSolution
		{C0CA83D8-557E-4A1B-A337-BEFCE3F0D730}.Debug|Any CPU.ActiveCfg = Debug|Any CPU
		{C0CA83D8-557E-4A1B-A337-BEFCE3F0D730}.Debug|Any CPU.Build.0 = Debug|Any CPU
		{C0CA83D8-557E-4A1B-A337-BEFCE3F0D730}.Debug|x64.ActiveCfg = Debug|Any CPU
		{C0CA83D8-557E-4A1B-A337-BEFCE3F0D730}.Debug|x64.Build.0 = Debug|Any CPU
		{C0CA83D8-557E-4A1B-A337-BEFCE3F0D730}.Debug|x86.ActiveCfg = Debug|Any CPU
		{C0CA83D8-557E-4A1B-A337-BEFCE3F0D730}.Debug|x86.Build.0 = Debug|Any CPU
		{C0CA83D8-557E-4A1B-A337-BEFCE3F0D730}.Release|Any CPU.ActiveCfg = Release|Any CPU
		{C0CA83D8-557E-4A1B-A337-BEFCE3F0D730}.Release|Any CPU.Build.0 = Release|Any CPU
		{C0CA83D8-557E-4A1B-A337-BEFCE3F0D730}.Release|x64.ActiveCfg = Release|Any CPU
		{C0CA83D8-557E-4A1B-A337-BEFCE3F0D730}.Release|x64.Build.0 = Release|Any CPU
		{C0CA83D8-557E-4A1B-A337-BEFCE3F0D730}.Release|x86.ActiveCfg = Release|Any CPU
		{C0CA83D8-557E-4A1B-A337-BEFCE3F0D730}.Release|x86.Build.0 = Release|Any CPU
		{49ED3C72-5397-4028-8F14-EE11D158011F}.Debug|Any CPU.ActiveCfg = Debug|Any CPU
		{49ED3C72-5397-4028-8F14-EE11D158011F}.Debug|Any CPU.Build.0 = Debug|Any CPU
		{49ED3C72-5397-4028-8F14-EE11D158011F}.Debug|x64.ActiveCfg = Debug|Any CPU
		{49ED3C72-5397-4028-8F14-EE11D158011F}.Debug|x64.Build.0 = Debug|Any CPU
		{49ED3C72-5397-4028-8F14-EE11D158011F}.Debug|x86.ActiveCfg = Debug|Any CPU
		{49ED3C72-5397-4028-8F14-EE11D158011F}.Debug|x86.Build.0 = Debug|Any CPU
		{49ED3C72-5397-4028-8F14-EE11D158011F}.Release|Any CPU.ActiveCfg = Release|Any CPU
		{49ED3C72-5397-4028-8F14-EE11D158011F}.Release|Any CPU.Build.0 = Release|Any CPU
		{49ED3C72-5397-4028-8F14-EE11D158011F}.Release|x64.ActiveCfg = Release|Any CPU
		{49ED3C72-5397-4028-8F14-EE11D158011F}.Release|x64.Build.0 = Release|Any CPU
		{49ED3C72-5397-4028-8F14-EE11D158011F}.Release|x86.ActiveCfg = Release|Any CPU
		{49ED3C72-5397-4028-8F14-EE11D158011F}.Release|x86.Build.0 = Release|Any CPU
	EndGlobalSection
EndGlobal
